
Microsoft Visual Studio Solution File, Format Version 12.00
# Visual Studio Version 16
VisualStudioVersion = 16.0.33214.272
MinimumVisualStudioVersion = 10.0.40219.1
Project("{FAE04EC0-301F-11D3-BF4B-00C04F79EFBC}") = "WindowsFormsApp2", "WindowsFormsApp2\WindowsFormsApp2.csproj", "{E3557D0F-210F-47BE-BE84-535722373BBD}"
EndProject
Global
	GlobalSection(SolutionConfigurationPlatforms) = preSolution
		Debug|Any CPU = Debug|Any CPU
		Release|Any CPU = Release|Any CPU
	EndGlobalSection
	GlobalSection(ProjectConfigurationPlatforms) = postSolution
		{E3557D0F-210F-47BE-BE84-535722373BBD}.Debug|Any CPU.ActiveCfg = Debug|Any CPU
		{E3557D0F-210F-47BE-BE84-535722373BBD}.Debug|Any CPU.Build.0 = Debug|Any CPU
		{E3557D0F-210F-47BE-BE84-535722373BBD}.Release|Any CPU.ActiveCfg = Release|Any CPU
		{E3557D0F-210F-47BE-BE84-535722373BBD}.Release|Any CPU.Build.0 = Release|Any CPU
	EndGlobalSection
	GlobalSection(SolutionProperties) = preSolution
		HideSolutionNode = FALSE
	EndGlobalSection
	GlobalSection(ExtensibilityGlobals) = postSolution
		SolutionGuid = {581FC4B0-E437-4CF2-87AA-724679F5B40D}
	EndGlobalSection
EndGlobal
